
Microsoft Visual Studio Solution File, Format Version 12.00
# Visual Studio 14
VisualStudioVersion = 14.0.23107.0
MinimumVisualStudioVersion = 10.0.40219.1
Project("{FAE04EC0-301F-11D3-BF4B-00C04F79EFBC}") = "StreamProtocol", "StreamProtocol\StreamProtocol.csproj", "{81ECE7AA-1DB0-40E6-B5BA-7338FD089BF1}"
EndProject
Project("{930C7802-8A8C-48F9-8165-68863BCCD9DD}") = "SetupProject", "SetupProject\SetupProject.wixproj", "{B30BFF24-4AE9-4D83-A110-D235257095ED}"
EndProject
Project("{FAE04EC0-301F-11D3-BF4B-00C04F79EFBC}") = "DelugeStream", "DelugeStream\DelugeStream.csproj", "{53C78433-EE32-4FB5-A243-82BE5D2AAC74}"
EndProject
Global
	GlobalSection(SolutionConfigurationPlatforms) = preSolution
		Debug|Any CPU = Debug|Any CPU
		Debug|x86 = Debug|x86
		Release|Any CPU = Release|Any CPU
		Release|x86 = Release|x86
	EndGlobalSection
	GlobalSection(ProjectConfigurationPlatforms) = postSolution
		{81ECE7AA-1DB0-40E6-B5BA-7338FD089BF1}.Debug|Any CPU.ActiveCfg = Debug|Any CPU
		{81ECE7AA-1DB0-40E6-B5BA-7338FD089BF1}.Debug|Any CPU.Build.0 = Debug|Any CPU
		{81ECE7AA-1DB0-40E6-B5BA-7338FD089BF1}.Debug|Any CPU.Deploy.0 = Debug|Any CPU
		{81ECE7AA-1DB0-40E6-B5BA-7338FD089BF1}.Debug|x86.ActiveCfg = Debug|Any CPU
		{81ECE7AA-1DB0-40E6-B5BA-7338FD089BF1}.Debug|x86.Build.0 = Debug|Any CPU
		{81ECE7AA-1DB0-40E6-B5BA-7338FD089BF1}.Release|Any CPU.ActiveCfg = Release|Any CPU
		{81ECE7AA-1DB0-40E6-B5BA-7338FD089BF1}.Release|Any CPU.Build.0 = Release|Any CPU
		{81ECE7AA-1DB0-40E6-B5BA-7338FD089BF1}.Release|x86.ActiveCfg = Release|Any CPU
		{81ECE7AA-1DB0-40E6-B5BA-7338FD089BF1}.Release|x86.Build.0 = Release|Any CPU
		{B30BFF24-4AE9-4D83-A110-D235257095ED}.Debug|Any CPU.ActiveCfg = Debug|x86
		{B30BFF24-4AE9-4D83-A110-D235257095ED}.Debug|x86.ActiveCfg = Debug|x86
		{B30BFF24-4AE9-4D83-A110-D235257095ED}.Debug|x86.Build.0 = Debug|x86
		{B30BFF24-4AE9-4D83-A110-D235257095ED}.Release|Any CPU.ActiveCfg = Release|x86
		{B30BFF24-4AE9-4D83-A110-D235257095ED}.Release|x86.ActiveCfg = Release|x86
		{B30BFF24-4AE9-4D83-A110-D235257095ED}.Release|x86.Build.0 = Release|x86
		{53C78433-EE32-4FB5-A243-82BE5D2AAC74}.Debug|Any CPU.ActiveCfg = Debug|Any CPU
		{53C78433-EE32-4FB5-A243-82BE5D2AAC74}.Debug|Any CPU.Build.0 = Debug|Any CPU
		{53C78433-EE32-4FB5-A243-82BE5D2AAC74}.Debug|x86.ActiveCfg = Debug|Any CPU
		{53C78433-EE32-4FB5-A243-82BE5D2AAC74}.Debug|x86.Build.0 = Debug|Any CPU
		{53C78433-EE32-4FB5-A243-82BE5D2AAC74}.Release|Any CPU.ActiveCfg = Release|Any CPU
		{53C78433-EE32-4FB5-A243-82BE5D2AAC74}.Release|Any CPU.Build.0 = Release|Any CPU
		{53C78433-EE32-4FB5-A243-82BE5D2AAC74}.Release|x86.ActiveCfg = Release|Any CPU
		{53C78433-EE32-4FB5-A243-82BE5D2AAC74}.Release|x86.Build.0 = Release|Any CPU
	EndGlobalSection
	GlobalSection(SolutionProperties) = preSolution
		HideSolutionNode = FALSE
	EndGlobalSection
EndGlobal
